
Microsoft Visual Studio Solution File, Format Version 12.00
# Visual Studio Version 17
VisualStudioVersion = 17.5.002.0
MinimumVisualStudioVersion = 10.0.40219.1
Project("{9A19103F-16F7-4668-BE54-9A1E7A4F7556}") = "nomeninja", "nomeninja.csproj", "{C19F667B-39AC-444E-AC60-D4AFF62E7FB6}"
EndProject
Global
	GlobalSection(SolutionConfigurationPlatforms) = preSolution
		Debug|Any CPU = Debug|Any CPU
		Release|Any CPU = Release|Any CPU
	EndGlobalSection
	GlobalSection(ProjectConfigurationPlatforms) = postSolution
		{C19F667B-39AC-444E-AC60-D4AFF62E7FB6}.Debug|Any CPU.ActiveCfg = Debug|Any CPU
		{C19F667B-39AC-444E-AC60-D4AFF62E7FB6}.Debug|Any CPU.Build.0 = Debug|Any CPU
		{C19F667B-39AC-444E-AC60-D4AFF62E7FB6}.Release|Any CPU.ActiveCfg = Release|Any CPU
		{C19F667B-39AC-444E-AC60-D4AFF62E7FB6}.Release|Any CPU.Build.0 = Release|Any CPU
	EndGlobalSection
	GlobalSection(SolutionProperties) = preSolution
		HideSolutionNode = FALSE
	EndGlobalSection
	GlobalSection(ExtensibilityGlobals) = postSolution
		SolutionGuid = {4973A5CF-2CBC-414F-A093-2573B236642E}
	EndGlobalSection
EndGlobal
